// !$*UTF8*$!
{
	archiveVersion = 1;
	classes = {
	};
	objectVersion = 48;
	objects = {

/* Begin PBXBuildFile section */
		AAB556061F4D2E9000B46142 /* AppDelegate.swift in Sources */ = {isa = PBXBuildFile; fileRef = AAB556051F4D2E9000B46142 /* AppDelegate.swift */; };
		AAB556081F4D2E9000B46142 /* ViewController.swift in Sources */ = {isa = PBXBuildFile; fileRef = AAB556071F4D2E9000B46142 /* ViewController.swift */; };
		AAB5560B1F4D2E9000B46142 /* Main.storyboard in Resources */ = {isa = PBXBuildFile; fileRef = AAB556091F4D2E9000B46142 /* Main.storyboard */; };
		AAB5560D1F4D2E9000B46142 /* Assets.xcassets in Resources */ = {isa = PBXBuildFile; fileRef = AAB5560C1F4D2E9000B46142 /* Assets.xcassets */; };
		AAB556101F4D2E9000B46142 /* LaunchScreen.storyboard in Resources */ = {isa = PBXBuildFile; fileRef = AAB5560E1F4D2E9000B46142 /* LaunchScreen.storyboard */; };
		AAB556181F4D2EA800B46142 /* IBUIView.swift in Sources */ = {isa = PBXBuildFile; fileRef = AAB556171F4D2EA800B46142 /* IBUIView.swift */; };
/* End PBXBuildFile section */

/* Begin PBXFileReference section */
		AAB556021F4D2E9000B46142 /* ShareViewAnimation.app */ = {isa = PBXFileReference; explicitFileType = wrapper.application; includeInIndex = 0; path = ShareViewAnimation.app; sourceTree = BUILT_PRODUCTS_DIR; };
		AAB556051F4D2E9000B46142 /* AppDelegate.swift */ = {isa = PBXFileReference; lastKnownFileType = sourcecode.swift; path = AppDelegate.swift; sourceTree = "<group>"; };
		AAB556071F4D2E9000B46142 /* ViewController.swift */ = {isa = PBXFileReference; lastKnownFileType = sourcecode.swift; path = ViewController.swift; sourceTree = "<group>"; };
		AAB5560A1F4D2E9000B46142 /* Base */ = {isa = PBXFileReference; lastKnownFileType = file.storyboard; name = Base; path = Base.lproj/Main.storyboard; sourceTree = "<group>"; };
		AAB5560C1F4D2E9000B46142 /* Assets.xcassets */ = {isa = PBXFileReference; lastKnownFileType = folder.assetcatalog; path = Assets.xcassets; sourceTree = "<group>"; };
		AAB5560F1F4D2E9000B46142 /* Base */ = {isa = PBXFileReference; lastKnownFileType = file.storyboard; name = Base; path = Base.lproj/LaunchScreen.storyboard; sourceTree = "<group>"; };
		AAB556111F4D2E9000B46142 /* Info.plist */ = {isa = PBXFileReference; lastKnownFileType = text.plist.xml; path = Info.plist; sourceTree = "<group>"; };
		AAB556171F4D2EA800B46142 /* IBUIView.swift */ = {isa = PBXFileReference; lastKnownFileType = sourcecode.swift; path = IBUIView.swift; sourceTree = "<group>"; };
/* End PBXFileReference section */

/* Begin PBXFrameworksBuildPhase section */
		AAB555FF1F4D2E9000B46142 /* Frameworks */ = {
			isa = PBXFrameworksBuildPhase;
			buildActionMask = 2147483647;
			files = (
			);
			runOnlyForDeploymentPostprocessing = 0;
		};
/* End PBXFrameworksBuildPhase section */

/* Begin PBXGroup section */
		AAB555F91F4D2E9000B46142 = {
			isa = PBXGroup;
			children = (
				AAB556041F4D2E9000B46142 /* ShareViewAnimation */,
				AAB556031F4D2E9000B46142 /* Products */,
			);
			sourceTree = "<group>";
		};
		AAB556031F4D2E9000B46142 /* Products */ = {
			isa = PBXGroup;
			children = (
				AAB556021F4D2E9000B46142 /* ShareViewAnimation.app */,
			);
			name = Products;
			sourceTree = "<group>";
		};
		AAB556041F4D2E9000B46142 /* ShareViewAnimation */ = {
			isa = PBXGroup;
			children = (
				AAB556051F4D2E9000B46142 /* AppDelegate.swift */,
				AAB556071F4D2E9000B46142 /* ViewController.swift */,
				AAB556171F4D2EA800B46142 /* IBUIView.swift */,
				AAB556091F4D2E9000B46142 /* Main.storyboard */,
				AAB5560C1F4D2E9000B46142 /* Assets.xcassets */,
				AAB5560E1F4D2E9000B46142 /* LaunchScreen.storyboard */,
				AAB556111F4D2E9000B46142 /* Info.plist */,
			);
			path = ShareViewAnimation;
			sourceTree = "<group>";
		};
/* End PBXGroup section */

/* Begin PBXNativeTarget section */
		AAB556011F4D2E9000B46142 /* ShareViewAnimation */ = {
			isa = PBXNativeTarget;
			buildConfigurationList = AAB556141F4D2E9000B46142 /* Build configuration list for PBXNativeTarget "ShareViewAnimation" */;
			buildPhases = (
				AAB555FE1F4D2E9000B46142 /* Sources */,
				AAB555FF1F4D2E9000B46142 /* Frameworks */,
				AAB556001F4D2E9000B46142 /* Resources */,
			);
			buildRules = (
			);
			dependencies = (
			);
			name = ShareViewAnimation;
			productName = ShareViewAnimation;
			productReference = AAB556021F4D2E9000B46142 /* ShareViewAnimation.app */;
			productType = "com.apple.product-type.application";
		};
/* End PBXNativeTarget section */

/* Begin PBXProject section */
		AAB555FA1F4D2E9000B46142 /* Project object */ = {
			isa = PBXProject;
			attributes = {
				LastSwiftUpdateCheck = 0900;
				LastUpgradeCheck = 0900;
				ORGANIZATIONNAME = "Qi Xin";
				TargetAttributes = {
					AAB556011F4D2E9000B46142 = {
						CreatedOnToolsVersion = 9.0;
					};
				};
			};
			buildConfigurationList = AAB555FD1F4D2E9000B46142 /* Build configuration list for PBXProject "ShareViewAnimation" */;
			compatibilityVersion = "Xcode 8.0";
			developmentRegion = en;
			hasScannedForEncodings = 0;
			knownRegions = (
				en,
				Base,
			);
			mainGroup = AAB555F91F4D2E9000B46142;
			productRefGroup = AAB556031F4D2E9000B46142 /* Products */;
			projectDirPath = "";
			projectRoot = "";
			targets = (
				AAB556011F4D2E9000B46142 /* ShareViewAnimation */,
			);
		};
/* End PBXProject section */

/* Begin PBXResourcesBuildPhase section */
		AAB556001F4D2E9000B46142 /* Resources */ = {
			isa = PBXResourcesBuildPhase;
			buildActionMask = 2147483647;
			files = (
				AAB556101F4D2E9000B46142 /* LaunchScreen.storyboard in Resources */,
				AAB5560D1F4D2E9000B46142 /* Assets.xcassets in Resources */,
				AAB5560B1F4D2E9000B46142 /* Main.storyboard in Resources */,
			);
			runOnlyForDeploymentPostprocessing = 0;
		};
/* End PBXResourcesBuildPhase section */

/* Begin PBXSourcesBuildPhase section */
		AAB555FE1F4D2E9000B46142 /* Sources */ = {
			isa = PBXSourcesBuildPhase;
			buildActionMask = 2147483647;
			files = (
				AAB556081F4D2E9000B46142 /* ViewController.swift in Sources */,
				AAB556181F4D2EA800B46142 /* IBUIView.swift in Sources */,
				AAB556061F4D2E9000B46142 /* AppDelegate.swift in Sources */,
			);
			runOnlyForDeploymentPostprocessing = 0;
		};
/* End PBXSourcesBuildPhase section */

/* Begin PBXVariantGroup section */
		AAB556091F4D2E9000B46142 /* Main.storyboard */ = {
			isa = PBXVariantGroup;
			children = (
				AAB5560A1F4D2E9000B46142 /* Base */,
			);
			name = Main.storyboard;
			sourceTree = "<group>";
		};
		AAB5560E1F4D2E9000B46142 /* LaunchScreen.storyboard */ = {
			isa = PBXVariantGroup;
			children = (
				AAB5560F1F4D2E9000B46142 /* Base */,
			);
			name = LaunchScreen.storyboard;
			sourceTree = "<group>";
		};
/* End PBXVariantGroup section */

/* Begin XCBuildConfiguration section */
		AAB556121F4D2E9000B46142 /* Debug */ = {
			isa = XCBuildConfiguration;
			buildSettings = {
				ALWAYS_SEARCH_USER_PATHS = NO;
				CLANG_ANALYZER_NONNULL = YES;
				CLANG_ANALYZER_NUMBER_OBJECT_CONVERSION = YES_AGGRESSIVE;
				CLANG_CXX_LANGUAGE_STANDARD = "gnu++14";
				CLANG_CXX_LIBRARY = "libc++";
				CLANG_ENABLE_MODULES = YES;
				CLANG_ENABLE_OBJC_ARC = YES;
				CLANG_WARN_BLOCK_CAPTURE_AUTORELEASING = YES;
				CLANG_WARN_BOOL_CONVERSION = YES;
				CLANG_WARN_COMMA = YES;
				CLANG_WARN_CONSTANT_CONVERSION = YES;
				CLANG_WARN_DIRECT_OBJC_ISA_USAGE = YES_ERROR;
				CLANG_WARN_DOCUMENTATION_COMMENTS = YES;
				CLANG_WARN_EMPTY_BODY = YES;
				CLANG_WARN_ENUM_CONVERSION = YES;
				CLANG_WARN_INFINITE_RECURSION = YES;
				CLANG_WARN_INT_CONVERSION = YES;
				CLANG_WARN_NON_LITERAL_NULL_CONVERSION = YES;
				CLANG_WARN_OBJC_LITERAL_CONVERSION = YES;
				CLANG_WARN_OBJC_ROOT_CLASS = YES_ERROR;
				CLANG_WARN_RANGE_LOOP_ANALYSIS = YES;
				CLANG_WARN_STRICT_PROTOTYPES = YES;
				CLANG_WARN_SUSPICIOUS_MOVE = YES;
				CLANG_WARN_UNGUARDED_AVAILABILITY = YES_AGGRESSIVE;
				CLANG_WARN_UNREACHABLE_CODE = YES;
				CLANG_WARN__DUPLICATE_METHOD_MATCH = YES;
				CODE_SIGN_IDENTITY = "iPhone Developer";
				COPY_PHASE_STRIP = NO;
				DEBUG_INFORMATION_FORMAT = dwarf;
				ENABLE_STRICT_OBJC_MSGSEND = YES;
				ENABLE_TESTABILITY = YES;
				GCC_C_LANGUAGE_STANDARD = gnu11;
				GCC_DYNAMIC_NO_PIC = NO;
				GCC_NO_COMMON_BLOCKS = YES;
				GCC_OPTIMIZATION_LEVEL = 0;
				GCC_PREPROCESSOR_DEFINITIONS = (
					"DEBUG=1",
					"$(inherited)",
				);
				GCC_WARN_64_TO_32_BIT_CONVERSION = YES;
				GCC_WARN_ABOUT_RETURN_TYPE = YES_ERROR;
				GCC_WARN_UNDECLARED_SELECTOR = YES;
				GCC_WARN_UNINITIALIZED_AUTOS = YES_AGGRESSIVE;
				GCC_WARN_UNUSED_FUNCTION = YES;
				GCC_WARN_UNUSED_VARIABLE = YES;
				IPHONEOS_DEPLOYMENT_TARGET = 11.0;
				MTL_ENABLE_DEBUG_INFO = YES;
				ONLY_ACTIVE_ARCH = YES;
				SDKROOT = iphoneos;
				SWIFT_ACTIVE_COMPILATION_CONDITIONS = DEBUG;
				SWIFT_OPTIMIZATION_LEVEL = "-Onone";
			};
			name = Debug;
		};
		AAB556131F4D2E9000B46142 /* Release */ = {
			isa = XCBuildConfiguration;
			buildSettings = {
				ALWAYS_SEARCH_USER_PATHS = NO;
				CLANG_ANALYZER_NONNULL = YES;
				CLANG_ANALYZER_NUMBER_OBJECT_CONVERSION = YES_AGGRESSIVE;
				CLANG_CXX_LANGUAGE_STANDARD = "gnu++14";
				CLANG_CXX_LIBRARY = "libc++";
				CLANG_ENABLE_MODULES = YES;
				CLANG_ENABLE_OBJC_ARC = YES;
				CLANG_WARN_BLOCK_CAPTURE_AUTORELEASING = YES;
				CLANG_WARN_BOOL_CONVERSION = YES;
				CLANG_WARN_COMMA = YES;
				CLANG_WARN_CONSTANT_CONVERSION = YES;
				CLANG_WARN_DIRECT_OBJC_ISA_USAGE = YES_ERROR;
				CLANG_WARN_DOCUMENTATION_COMMENTS = YES;
				CLANG_WARN_EMPTY_BODY = YES;
				CLANG_WARN_ENUM_CONVERSION = YES;
				CLANG_WARN_INFINITE_RECURSION = YES;
				CLANG_WARN_INT_CONVERSION = YES;
				CLANG_WARN_NON_LITERAL_NULL_CONVERSION = YES;
				CLANG_WARN_OBJC_LITERAL_CONVERSION = YES;
				CLANG_WARN_OBJC_ROOT_CLASS = YES_ERROR;
				CLANG_WARN_RANGE_LOOP_ANALYSIS = YES;
				CLANG_WARN_STRICT_PROTOTYPES = YES;
				CLANG_WARN_SUSPICIOUS_MOVE = YES;
				CLANG_WARN_UNGUARDED_AVAILABILITY = YES_AGGRESSIVE;
				CLANG_WARN_UNREACHABLE_CODE = YES;
				CLANG_WARN__DUPLICATE_METHOD_MATCH = YES;
				CODE_SIGN_IDENTITY = "iPhone Developer";
				COPY_PHASE_STRIP = NO;
				DEBUG_INFORMATION_FORMAT = "dwarf-with-dsym";
				ENABLE_NS_ASSERTIONS = NO;
				ENABLE_STRICT_OBJC_MSGSEND = YES;
				GCC_C_LANGUAGE_STANDARD = gnu11;
				GCC_NO_COMMON_BLOCKS = YES;
				GCC_WARN_64_TO_32_BIT_CONVERSION = YES;
				GCC_WARN_ABOUT_RETURN_TYPE = YES_ERROR;
				GCC_WARN_UNDECLARED_SELECTOR = YES;
				GCC_WARN_UNINITIALIZED_AUTOS = YES_AGGRESSIVE;
				GCC_WARN_UNUSED_FUNCTION = YES;
				GCC_WARN_UNUSED_VARIABLE = YES;
				IPHONEOS_DEPLOYMENT_TARGET = 11.0;
				MTL_ENABLE_DEBUG_INFO = NO;
				SDKROOT = iphoneos;
				SWIFT_OPTIMIZATION_LEVEL = "-Owholemodule";
				VALIDATE_PRODUCT = YES;
			};
			name = Release;
		};
		AAB556151F4D2E9000B46142 /* Debug */ = {
			isa = XCBuildConfiguration;
			buildSettings = {
				ASSETCATALOG_COMPILER_APPICON_NAME = AppIcon;
				DEVELOPMENT_TEAM = LESEXUKLEU;
				INFOPLIST_FILE = ShareViewAnimation/Info.plist;
				LD_RUNPATH_SEARCH_PATHS = "$(inherited) @executable_path/Frameworks";
				PRODUCT_BUNDLE_IDENTIFIER = com.30ProjectsOfswift..ShareViewAnimation;
				PRODUCT_NAME = "$(TARGET_NAME)";
				SWIFT_VERSION = 4.0;
				TARGETED_DEVICE_FAMILY = "1,2";
			};
			name = Debug;
		};
		AAB556161F4D2E9000B46142 /* Release */ = {
			isa = XCBuildConfiguration;
			buildSettings = {
				ASSETCATALOG_COMPILER_APPICON_NAME = AppIcon;
				DEVELOPMENT_TEAM = LESEXUKLEU;
				INFOPLIST_FILE = ShareViewAnimation/Info.plist;
				LD_RUNPATH_SEARCH_PATHS = "$(inherited) @executable_path/Frameworks";
				PRODUCT_BUNDLE_IDENTIFIER = com.30ProjectsOfswift..ShareViewAnimation;
				PRODUCT_NAME = "$(TARGET_NAME)";
				SWIFT_VERSION = 4.0;
				TARGETED_DEVICE_FAMILY = "1,2";
			};
			name = Release;
		};
/* End XCBuildConfiguration section */

/* Begin XCConfigurationList section */
		AAB555FD1F4D2E9000B46142 /* Build configuration list for PBXProject "ShareViewAnimation" */ = {
			isa = XCConfigurationList;
			buildConfigurations = (
				AAB556121F4D2E9000B46142 /* Debug */,
				AAB556131F4D2E9000B46142 /* Release */,
			);
			defaultConfigurationIsVisible = 0;
			defaultConfigurationName = Release;
		};
		AAB556141F4D2E9000B46142 /* Build configuration list for PBXNativeTarget "ShareViewAnimation" */ = {
			isa = XCConfigurationList;
			buildConfigurations = (
				AAB556151F4D2E9000B46142 /* Debug */,
				AAB556161F4D2E9000B46142 /* Release */,
			);
			defaultConfigurationIsVisible = 0;
			defaultConfigurationName = Release;
		};
/* End XCConfigurationList section */
	};
	rootObject = AAB555FA1F4D2E9000B46142 /* Project object */;
}
