// !$*UTF8*$!
{
	archiveVersion = 1;
	classes = {
	};
	objectVersion = 46;
	objects = {

/* Begin PBXBuildFile section */
		AAEC228E1EF2768000BEA26B /* AppDelegate.swift in Sources */ = {isa = PBXBuildFile; fileRef = AAEC228D1EF2768000BEA26B /* AppDelegate.swift */; };
		AAEC22901EF2768000BEA26B /* ViewController.swift in Sources */ = {isa = PBXBuildFile; fileRef = AAEC228F1EF2768000BEA26B /* ViewController.swift */; };
		AAEC22931EF2768000BEA26B /* Main.storyboard in Resources */ = {isa = PBXBuildFile; fileRef = AAEC22911EF2768000BEA26B /* Main.storyboard */; };
		AAEC22951EF2768000BEA26B /* Assets.xcassets in Resources */ = {isa = PBXBuildFile; fileRef = AAEC22941EF2768000BEA26B /* Assets.xcassets */; };
		AAEC22981EF2768000BEA26B /* LaunchScreen.storyboard in Resources */ = {isa = PBXBuildFile; fileRef = AAEC22961EF2768000BEA26B /* LaunchScreen.storyboard */; };
		AAEC22A01EF281F400BEA26B /* MenuViewController.swift in Sources */ = {isa = PBXBuildFile; fileRef = AAEC229F1EF281F400BEA26B /* MenuViewController.swift */; };
		AAEC22A21EF293EA00BEA26B /* MenuTransitionManager.swift in Sources */ = {isa = PBXBuildFile; fileRef = AAEC22A11EF293EA00BEA26B /* MenuTransitionManager.swift */; };
/* End PBXBuildFile section */

/* Begin PBXFileReference section */
		AAEC228A1EF2768000BEA26B /* TumblrMenu.app */ = {isa = PBXFileReference; explicitFileType = wrapper.application; includeInIndex = 0; path = TumblrMenu.app; sourceTree = BUILT_PRODUCTS_DIR; };
		AAEC228D1EF2768000BEA26B /* AppDelegate.swift */ = {isa = PBXFileReference; lastKnownFileType = sourcecode.swift; path = AppDelegate.swift; sourceTree = "<group>"; };
		AAEC228F1EF2768000BEA26B /* ViewController.swift */ = {isa = PBXFileReference; lastKnownFileType = sourcecode.swift; path = ViewController.swift; sourceTree = "<group>"; };
		AAEC22921EF2768000BEA26B /* Base */ = {isa = PBXFileReference; lastKnownFileType = file.storyboard; name = Base; path = Base.lproj/Main.storyboard; sourceTree = "<group>"; };
		AAEC22941EF2768000BEA26B /* Assets.xcassets */ = {isa = PBXFileReference; lastKnownFileType = folder.assetcatalog; path = Assets.xcassets; sourceTree = "<group>"; };
		AAEC22971EF2768000BEA26B /* Base */ = {isa = PBXFileReference; lastKnownFileType = file.storyboard; name = Base; path = Base.lproj/LaunchScreen.storyboard; sourceTree = "<group>"; };
		AAEC22991EF2768000BEA26B /* Info.plist */ = {isa = PBXFileReference; lastKnownFileType = text.plist.xml; path = Info.plist; sourceTree = "<group>"; };
		AAEC229F1EF281F400BEA26B /* MenuViewController.swift */ = {isa = PBXFileReference; fileEncoding = 4; lastKnownFileType = sourcecode.swift; path = MenuViewController.swift; sourceTree = "<group>"; };
		AAEC22A11EF293EA00BEA26B /* MenuTransitionManager.swift */ = {isa = PBXFileReference; fileEncoding = 4; lastKnownFileType = sourcecode.swift; path = MenuTransitionManager.swift; sourceTree = "<group>"; };
/* End PBXFileReference section */

/* Begin PBXFrameworksBuildPhase section */
		AAEC22871EF2768000BEA26B /* Frameworks */ = {
			isa = PBXFrameworksBuildPhase;
			buildActionMask = 2147483647;
			files = (
			);
			runOnlyForDeploymentPostprocessing = 0;
		};
/* End PBXFrameworksBuildPhase section */

/* Begin PBXGroup section */
		AAEC22811EF2768000BEA26B = {
			isa = PBXGroup;
			children = (
				AAEC228C1EF2768000BEA26B /* TumblrMenu */,
				AAEC228B1EF2768000BEA26B /* Products */,
			);
			sourceTree = "<group>";
		};
		AAEC228B1EF2768000BEA26B /* Products */ = {
			isa = PBXGroup;
			children = (
				AAEC228A1EF2768000BEA26B /* TumblrMenu.app */,
			);
			name = Products;
			sourceTree = "<group>";
		};
		AAEC228C1EF2768000BEA26B /* TumblrMenu */ = {
			isa = PBXGroup;
			children = (
				AAEC228D1EF2768000BEA26B /* AppDelegate.swift */,
				AAEC228F1EF2768000BEA26B /* ViewController.swift */,
				AAEC229F1EF281F400BEA26B /* MenuViewController.swift */,
				AAEC22A11EF293EA00BEA26B /* MenuTransitionManager.swift */,
				AAEC22911EF2768000BEA26B /* Main.storyboard */,
				AAEC22941EF2768000BEA26B /* Assets.xcassets */,
				AAEC22961EF2768000BEA26B /* LaunchScreen.storyboard */,
				AAEC22991EF2768000BEA26B /* Info.plist */,
			);
			path = TumblrMenu;
			sourceTree = "<group>";
		};
/* End PBXGroup section */

/* Begin PBXNativeTarget section */
		AAEC22891EF2768000BEA26B /* TumblrMenu */ = {
			isa = PBXNativeTarget;
			buildConfigurationList = AAEC229C1EF2768000BEA26B /* Build configuration list for PBXNativeTarget "TumblrMenu" */;
			buildPhases = (
				AAEC22861EF2768000BEA26B /* Sources */,
				AAEC22871EF2768000BEA26B /* Frameworks */,
				AAEC22881EF2768000BEA26B /* Resources */,
			);
			buildRules = (
			);
			dependencies = (
			);
			name = TumblrMenu;
			productName = TumblrMenu;
			productReference = AAEC228A1EF2768000BEA26B /* TumblrMenu.app */;
			productType = "com.apple.product-type.application";
		};
/* End PBXNativeTarget section */

/* Begin PBXProject section */
		AAEC22821EF2768000BEA26B /* Project object */ = {
			isa = PBXProject;
			attributes = {
				LastSwiftUpdateCheck = 0830;
				LastUpgradeCheck = 0830;
				ORGANIZATIONNAME = Omni_Hsin;
				TargetAttributes = {
					AAEC22891EF2768000BEA26B = {
						CreatedOnToolsVersion = 8.3.2;
						DevelopmentTeam = 8QRVA3FZT9;
						ProvisioningStyle = Automatic;
					};
				};
			};
			buildConfigurationList = AAEC22851EF2768000BEA26B /* Build configuration list for PBXProject "TumblrMenu" */;
			compatibilityVersion = "Xcode 3.2";
			developmentRegion = English;
			hasScannedForEncodings = 0;
			knownRegions = (
				en,
				Base,
			);
			mainGroup = AAEC22811EF2768000BEA26B;
			productRefGroup = AAEC228B1EF2768000BEA26B /* Products */;
			projectDirPath = "";
			projectRoot = "";
			targets = (
				AAEC22891EF2768000BEA26B /* TumblrMenu */,
			);
		};
/* End PBXProject section */

/* Begin PBXResourcesBuildPhase section */
		AAEC22881EF2768000BEA26B /* Resources */ = {
			isa = PBXResourcesBuildPhase;
			buildActionMask = 2147483647;
			files = (
				AAEC22981EF2768000BEA26B /* LaunchScreen.storyboard in Resources */,
				AAEC22951EF2768000BEA26B /* Assets.xcassets in Resources */,
				AAEC22931EF2768000BEA26B /* Main.storyboard in Resources */,
			);
			runOnlyForDeploymentPostprocessing = 0;
		};
/* End PBXResourcesBuildPhase section */

/* Begin PBXSourcesBuildPhase section */
		AAEC22861EF2768000BEA26B /* Sources */ = {
			isa = PBXSourcesBuildPhase;
			buildActionMask = 2147483647;
			files = (
				AAEC22901EF2768000BEA26B /* ViewController.swift in Sources */,
				AAEC22A21EF293EA00BEA26B /* MenuTransitionManager.swift in Sources */,
				AAEC22A01EF281F400BEA26B /* MenuViewController.swift in Sources */,
				AAEC228E1EF2768000BEA26B /* AppDelegate.swift in Sources */,
			);
			runOnlyForDeploymentPostprocessing = 0;
		};
/* End PBXSourcesBuildPhase section */

/* Begin PBXVariantGroup section */
		AAEC22911EF2768000BEA26B /* Main.storyboard */ = {
			isa = PBXVariantGroup;
			children = (
				AAEC22921EF2768000BEA26B /* Base */,
			);
			name = Main.storyboard;
			sourceTree = "<group>";
		};
		AAEC22961EF2768000BEA26B /* LaunchScreen.storyboard */ = {
			isa = PBXVariantGroup;
			children = (
				AAEC22971EF2768000BEA26B /* Base */,
			);
			name = LaunchScreen.storyboard;
			sourceTree = "<group>";
		};
/* End PBXVariantGroup section */

/* Begin XCBuildConfiguration section */
		AAEC229A1EF2768000BEA26B /* Debug */ = {
			isa = XCBuildConfiguration;
			buildSettings = {
				ALWAYS_SEARCH_USER_PATHS = NO;
				CLANG_ANALYZER_NONNULL = YES;
				CLANG_ANALYZER_NUMBER_OBJECT_CONVERSION = YES_AGGRESSIVE;
				CLANG_CXX_LANGUAGE_STANDARD = "gnu++0x";
				CLANG_CXX_LIBRARY = "libc++";
				CLANG_ENABLE_MODULES = YES;
				CLANG_ENABLE_OBJC_ARC = YES;
				CLANG_WARN_BOOL_CONVERSION = YES;
				CLANG_WARN_CONSTANT_CONVERSION = YES;
				CLANG_WARN_DIRECT_OBJC_ISA_USAGE = YES_ERROR;
				CLANG_WARN_DOCUMENTATION_COMMENTS = YES;
				CLANG_WARN_EMPTY_BODY = YES;
				CLANG_WARN_ENUM_CONVERSION = YES;
				CLANG_WARN_INFINITE_RECURSION = YES;
				CLANG_WARN_INT_CONVERSION = YES;
				CLANG_WARN_OBJC_ROOT_CLASS = YES_ERROR;
				CLANG_WARN_SUSPICIOUS_MOVE = YES;
				CLANG_WARN_UNREACHABLE_CODE = YES;
				CLANG_WARN__DUPLICATE_METHOD_MATCH = YES;
				"CODE_SIGN_IDENTITY[sdk=iphoneos*]" = "iPhone Developer";
				COPY_PHASE_STRIP = NO;
				DEBUG_INFORMATION_FORMAT = dwarf;
				ENABLE_STRICT_OBJC_MSGSEND = YES;
				ENABLE_TESTABILITY = YES;
				GCC_C_LANGUAGE_STANDARD = gnu99;
				GCC_DYNAMIC_NO_PIC = NO;
				GCC_NO_COMMON_BLOCKS = YES;
				GCC_OPTIMIZATION_LEVEL = 0;
				GCC_PREPROCESSOR_DEFINITIONS = (
					"DEBUG=1",
					"$(inherited)",
				);
				GCC_WARN_64_TO_32_BIT_CONVERSION = YES;
				GCC_WARN_ABOUT_RETURN_TYPE = YES_ERROR;
				GCC_WARN_UNDECLARED_SELECTOR = YES;
				GCC_WARN_UNINITIALIZED_AUTOS = YES_AGGRESSIVE;
				GCC_WARN_UNUSED_FUNCTION = YES;
				GCC_WARN_UNUSED_VARIABLE = YES;
				IPHONEOS_DEPLOYMENT_TARGET = 10.3;
				MTL_ENABLE_DEBUG_INFO = YES;
				ONLY_ACTIVE_ARCH = YES;
				SDKROOT = iphoneos;
				SWIFT_ACTIVE_COMPILATION_CONDITIONS = DEBUG;
				SWIFT_OPTIMIZATION_LEVEL = "-Onone";
			};
			name = Debug;
		};
		AAEC229B1EF2768000BEA26B /* Release */ = {
			isa = XCBuildConfiguration;
			buildSettings = {
				ALWAYS_SEARCH_USER_PATHS = NO;
				CLANG_ANALYZER_NONNULL = YES;
				CLANG_ANALYZER_NUMBER_OBJECT_CONVERSION = YES_AGGRESSIVE;
				CLANG_CXX_LANGUAGE_STANDARD = "gnu++0x";
				CLANG_CXX_LIBRARY = "libc++";
				CLANG_ENABLE_MODULES = YES;
				CLANG_ENABLE_OBJC_ARC = YES;
				CLANG_WARN_BOOL_CONVERSION = YES;
				CLANG_WARN_CONSTANT_CONVERSION = YES;
				CLANG_WARN_DIRECT_OBJC_ISA_USAGE = YES_ERROR;
				CLANG_WARN_DOCUMENTATION_COMMENTS = YES;
				CLANG_WARN_EMPTY_BODY = YES;
				CLANG_WARN_ENUM_CONVERSION = YES;
				CLANG_WARN_INFINITE_RECURSION = YES;
				CLANG_WARN_INT_CONVERSION = YES;
				CLANG_WARN_OBJC_ROOT_CLASS = YES_ERROR;
				CLANG_WARN_SUSPICIOUS_MOVE = YES;
				CLANG_WARN_UNREACHABLE_CODE = YES;
				CLANG_WARN__DUPLICATE_METHOD_MATCH = YES;
				"CODE_SIGN_IDENTITY[sdk=iphoneos*]" = "iPhone Developer";
				COPY_PHASE_STRIP = NO;
				DEBUG_INFORMATION_FORMAT = "dwarf-with-dsym";
				ENABLE_NS_ASSERTIONS = NO;
				ENABLE_STRICT_OBJC_MSGSEND = YES;
				GCC_C_LANGUAGE_STANDARD = gnu99;
				GCC_NO_COMMON_BLOCKS = YES;
				GCC_WARN_64_TO_32_BIT_CONVERSION = YES;
				GCC_WARN_ABOUT_RETURN_TYPE = YES_ERROR;
				GCC_WARN_UNDECLARED_SELECTOR = YES;
				GCC_WARN_UNINITIALIZED_AUTOS = YES_AGGRESSIVE;
				GCC_WARN_UNUSED_FUNCTION = YES;
				GCC_WARN_UNUSED_VARIABLE = YES;
				IPHONEOS_DEPLOYMENT_TARGET = 10.3;
				MTL_ENABLE_DEBUG_INFO = NO;
				SDKROOT = iphoneos;
				SWIFT_OPTIMIZATION_LEVEL = "-Owholemodule";
				VALIDATE_PRODUCT = YES;
			};
			name = Release;
		};
		AAEC229D1EF2768000BEA26B /* Debug */ = {
			isa = XCBuildConfiguration;
			buildSettings = {
				ASSETCATALOG_COMPILER_APPICON_NAME = AppIcon;
				DEVELOPMENT_TEAM = 8QRVA3FZT9;
				INFOPLIST_FILE = TumblrMenu/Info.plist;
				LD_RUNPATH_SEARCH_PATHS = "$(inherited) @executable_path/Frameworks";
				PRODUCT_BUNDLE_IDENTIFIER = com.30ProjectsOfswift.TumblrMenu;
				PRODUCT_NAME = "$(TARGET_NAME)";
				SWIFT_VERSION = 3.0;
			};
			name = Debug;
		};
		AAEC229E1EF2768000BEA26B /* Release */ = {
			isa = XCBuildConfiguration;
			buildSettings = {
				ASSETCATALOG_COMPILER_APPICON_NAME = AppIcon;
				DEVELOPMENT_TEAM = 8QRVA3FZT9;
				INFOPLIST_FILE = TumblrMenu/Info.plist;
				LD_RUNPATH_SEARCH_PATHS = "$(inherited) @executable_path/Frameworks";
				PRODUCT_BUNDLE_IDENTIFIER = com.30ProjectsOfswift.TumblrMenu;
				PRODUCT_NAME = "$(TARGET_NAME)";
				SWIFT_VERSION = 3.0;
			};
			name = Release;
		};
/* End XCBuildConfiguration section */

/* Begin XCConfigurationList section */
		AAEC22851EF2768000BEA26B /* Build configuration list for PBXProject "TumblrMenu" */ = {
			isa = XCConfigurationList;
			buildConfigurations = (
				AAEC229A1EF2768000BEA26B /* Debug */,
				AAEC229B1EF2768000BEA26B /* Release */,
			);
			defaultConfigurationIsVisible = 0;
			defaultConfigurationName = Release;
		};
		AAEC229C1EF2768000BEA26B /* Build configuration list for PBXNativeTarget "TumblrMenu" */ = {
			isa = XCConfigurationList;
			buildConfigurations = (
				AAEC229D1EF2768000BEA26B /* Debug */,
				AAEC229E1EF2768000BEA26B /* Release */,
			);
			defaultConfigurationIsVisible = 0;
		};
/* End XCConfigurationList section */
	};
	rootObject = AAEC22821EF2768000BEA26B /* Project object */;
}
